
Microsoft Visual Studio Solution File, Format Version 12.00
# Visual Studio Version 16
VisualStudioVersion = 16.0.30611.23
MinimumVisualStudioVersion = 10.0.40219.1
Project("{FAE04EC0-301F-11D3-BF4B-00C04F79EFBC}") = "MyDictionary", "MyDictionary\MyDictionary.csproj", "{BC1E8BF6-0153-4134-B914-BA435185B3FA}"
EndProject
Global
	GlobalSection(SolutionConfigurationPlatforms) = preSolution
		Debug|Any CPU = Debug|Any CPU
		Release|Any CPU = Release|Any CPU
	EndGlobalSection
	GlobalSection(ProjectConfigurationPlatforms) = postSolution
		{BC1E8BF6-0153-4134-B914-BA435185B3FA}.Debug|Any CPU.ActiveCfg = Debug|Any CPU
		{BC1E8BF6-0153-4134-B914-BA435185B3FA}.Debug|Any CPU.Build.0 = Debug|Any CPU
		{BC1E8BF6-0153-4134-B914-BA435185B3FA}.Release|Any CPU.ActiveCfg = Release|Any CPU
		{BC1E8BF6-0153-4134-B914-BA435185B3FA}.Release|Any CPU.Build.0 = Release|Any CPU
	EndGlobalSection
	GlobalSection(SolutionProperties) = preSolution
		HideSolutionNode = FALSE
	EndGlobalSection
	GlobalSection(ExtensibilityGlobals) = postSolution
		SolutionGuid = {34216BD1-6CBA-4273-ABF4-2C706C4958F3}
	EndGlobalSection
EndGlobal
